// !$*UTF8*$!
{
	archiveVersion = 1;
	classes = {
	};
	objectVersion = 51;
	objects = {

/* Begin PBXBuildFile section */
		55A1FF49BE78D5286320C702 /* Pods_StoreSearch.framework in Frameworks */ = {isa = PBXBuildFile; fileRef = EE0D738562075934E51444F5 /* Pods_StoreSearch.framework */; };
		F30B40FA22F0E1B90088FFDE /* Price.swift in Sources */ = {isa = PBXBuildFile; fileRef = F30B40F922F0E1B90088FFDE /* Price.swift */; };
		F3169BC322EE557900651401 /* SearchResultDetailsViewController+ViewModel.swift in Sources */ = {isa = PBXBuildFile; fileRef = F3169BC222EE557900651401 /* SearchResultDetailsViewController+ViewModel.swift */; };
		F3169BC522EE565F00651401 /* SearchResultDetailsViewController.swift in Sources */ = {isa = PBXBuildFile; fileRef = F3169BC422EE565F00651401 /* SearchResultDetailsViewController.swift */; };
		F3169BD122EF93F900651401 /* ContentHeightProviding.swift in Sources */ = {isa = PBXBuildFile; fileRef = F3169BD022EF93F900651401 /* ContentHeightProviding.swift */; };
		F36C381E22E6FD4A00CC001C /* Colors.xcassets in Resources */ = {isa = PBXBuildFile; fileRef = F36C381D22E6FD4A00CC001C /* Colors.xcassets */; };
		F36C382022E6FFCB00CC001C /* UIColor+Theme.swift in Sources */ = {isa = PBXBuildFile; fileRef = F36C381F22E6FFCB00CC001C /* UIColor+Theme.swift */; };
		F36C382222E70A0D00CC001C /* UIView+SelectedTableCellBackgroundView.swift in Sources */ = {isa = PBXBuildFile; fileRef = F36C382122E70A0D00CC001C /* UIView+SelectedTableCellBackgroundView.swift */; };
		F36C382422E8180300CC001C /* ModelLoader.swift in Sources */ = {isa = PBXBuildFile; fileRef = F36C382322E8180300CC001C /* ModelLoader.swift */; };
		F36C382822E8190700CC001C /* URLSession+RequestTransport.swift in Sources */ = {isa = PBXBuildFile; fileRef = F36C382722E8190700CC001C /* URLSession+RequestTransport.swift */; };
		F36C382A22E84F1900CC001C /* SearchModelController.swift in Sources */ = {isa = PBXBuildFile; fileRef = F36C382922E84F1900CC001C /* SearchModelController.swift */; };
		F36C382C22E879C500CC001C /* UIViewController+ShowNetworkingError.swift in Sources */ = {isa = PBXBuildFile; fileRef = F36C382B22E879C500CC001C /* UIViewController+ShowNetworkingError.swift */; };
		F36C382E22E8810700CC001C /* URLQueryItem+InitWithName.swift in Sources */ = {isa = PBXBuildFile; fileRef = F36C382D22E8810700CC001C /* URLQueryItem+InitWithName.swift */; };
		F36C383122E9BECA00CC001C /* APIResultKind.swift in Sources */ = {isa = PBXBuildFile; fileRef = F36C383022E9BECA00CC001C /* APIResultKind.swift */; };
		F36C383322E9CEE100CC001C /* SearchResults.swift in Sources */ = {isa = PBXBuildFile; fileRef = F36C383222E9CEE100CC001C /* SearchResults.swift */; };
		F36C383922EB36AB00CC001C /* TaskToken.swift in Sources */ = {isa = PBXBuildFile; fileRef = F36C383822EB36AB00CC001C /* TaskToken.swift */; };
		F36C383D22EB3BC400CC001C /* DataTaskToken.swift in Sources */ = {isa = PBXBuildFile; fileRef = F36C383C22EB3BC400CC001C /* DataTaskToken.swift */; };
		F36C383F22EB663D00CC001C /* APIMediaType.swift in Sources */ = {isa = PBXBuildFile; fileRef = F36C383E22EB663D00CC001C /* APIMediaType.swift */; };
		F36C384122EC5AEB00CC001C /* SearchViewModel.swift in Sources */ = {isa = PBXBuildFile; fileRef = F36C384022EC5AEB00CC001C /* SearchViewModel.swift */; };
		F36C384322EC840900CC001C /* DownloadTaskToken.swift in Sources */ = {isa = PBXBuildFile; fileRef = F36C384222EC840900CC001C /* DownloadTaskToken.swift */; };
		F36C384722ECB9CF00CC001C /* ImageDownloader.swift in Sources */ = {isa = PBXBuildFile; fileRef = F36C384622ECB9CE00CC001C /* ImageDownloader.swift */; };
		F36C384922ECBA8900CC001C /* ImageDownloaderFactory.swift in Sources */ = {isa = PBXBuildFile; fileRef = F36C384822ECBA8900CC001C /* ImageDownloaderFactory.swift */; };
		F36C385522ECCB0E00CC001C /* RequestTransport.swift in Sources */ = {isa = PBXBuildFile; fileRef = F36C385322ECCB0E00CC001C /* RequestTransport.swift */; };
		F36C385622ECCB0E00CC001C /* DownloadingTransport.swift in Sources */ = {isa = PBXBuildFile; fileRef = F36C385422ECCB0E00CC001C /* DownloadingTransport.swift */; };
		F36C385822ECCBB200CC001C /* URLSession+DownloadTransport.swift in Sources */ = {isa = PBXBuildFile; fileRef = F36C385722ECCBB200CC001C /* URLSession+DownloadTransport.swift */; };
		F36C385A22ECCEC300CC001C /* SessionImageDownloader.swift in Sources */ = {isa = PBXBuildFile; fileRef = F36C385922ECCEC300CC001C /* SessionImageDownloader.swift */; };
		F37B7B3622F14A07008CA975 /* DimmedGradientView.swift in Sources */ = {isa = PBXBuildFile; fileRef = F37B7B3522F14A07008CA975 /* DimmedGradientView.swift */; };
		F37B7B3922F167EC008CA975 /* BouncePresentationAnimator.swift in Sources */ = {isa = PBXBuildFile; fileRef = F37B7B3822F167EC008CA975 /* BouncePresentationAnimator.swift */; };
		F37B7B3B22F17027008CA975 /* FadeOutPresentationAnimator.swift in Sources */ = {isa = PBXBuildFile; fileRef = F37B7B3A22F17027008CA975 /* FadeOutPresentationAnimator.swift */; };
		F37B7B4122F2544F008CA975 /* ModalPresentationNavController.swift in Sources */ = {isa = PBXBuildFile; fileRef = F37B7B3D22F2544F008CA975 /* ModalPresentationNavController.swift */; };
		F37B7B4222F2544F008CA975 /* DimmedModalPresentationController.swift in Sources */ = {isa = PBXBuildFile; fileRef = F37B7B3E22F2544F008CA975 /* DimmedModalPresentationController.swift */; };
		F37B7B4322F2544F008CA975 /* DimmedModalViewController.swift in Sources */ = {isa = PBXBuildFile; fileRef = F37B7B3F22F2544F008CA975 /* DimmedModalViewController.swift */; };
		F37B7B4422F2544F008CA975 /* DimmedModalPresentationManager.swift in Sources */ = {isa = PBXBuildFile; fileRef = F37B7B4022F2544F008CA975 /* DimmedModalPresentationManager.swift */; };
		F3934BEC22ECDD95009D7BA1 /* TransportError.swift in Sources */ = {isa = PBXBuildFile; fileRef = F3934BEB22ECDD95009D7BA1 /* TransportError.swift */; };
		F3A96CE122E58305001B4D56 /* AppDelegate.swift in Sources */ = {isa = PBXBuildFile; fileRef = F3A96CE022E58305001B4D56 /* AppDelegate.swift */; };
		F3A96CE322E58305001B4D56 /* SceneDelegate.swift in Sources */ = {isa = PBXBuildFile; fileRef = F3A96CE222E58305001B4D56 /* SceneDelegate.swift */; };
		F3A96CEA22E58307001B4D56 /* Assets.xcassets in Resources */ = {isa = PBXBuildFile; fileRef = F3A96CE922E58307001B4D56 /* Assets.xcassets */; };
		F3A96D1222E58900001B4D56 /* UIImage+ResizedWithBounds.swift in Sources */ = {isa = PBXBuildFile; fileRef = F3A96CFA22E58900001B4D56 /* UIImage+ResizedWithBounds.swift */; };
		F3A96D1322E58900001B4D56 /* URL+WithQueryParams.swift in Sources */ = {isa = PBXBuildFile; fileRef = F3A96CFB22E58900001B4D56 /* URL+WithQueryParams.swift */; };
		F3A96D1622E58900001B4D56 /* UIViewController+DisplayPromptMessage.swift in Sources */ = {isa = PBXBuildFile; fileRef = F3A96D0022E58900001B4D56 /* UIViewController+DisplayPromptMessage.swift */; };
		F3A96D1722E58900001B4D56 /* UIViewController+Computeds.swift in Sources */ = {isa = PBXBuildFile; fileRef = F3A96D0122E58900001B4D56 /* UIViewController+Computeds.swift */; };
		F3A96D1822E58900001B4D56 /* UIViewController+AddAndRemoveChild.swift in Sources */ = {isa = PBXBuildFile; fileRef = F3A96D0222E58900001B4D56 /* UIViewController+AddAndRemoveChild.swift */; };
		F3A96D1A22E58900001B4D56 /* UIViewController+DisplayAlertMessage.swift in Sources */ = {isa = PBXBuildFile; fileRef = F3A96D0422E58900001B4D56 /* UIViewController+DisplayAlertMessage.swift */; };
		F3A96D1B22E58900001B4D56 /* FileManager+UserDocumentsDirectory.swift in Sources */ = {isa = PBXBuildFile; fileRef = F3A96D0522E58900001B4D56 /* FileManager+UserDocumentsDirectory.swift */; };
		F3A96D1E22E58900001B4D56 /* NavigationControlling.swift in Sources */ = {isa = PBXBuildFile; fileRef = F3A96D0922E58900001B4D56 /* NavigationControlling.swift */; };
		F3A96D1F22E58900001B4D56 /* Storyboarded.swift in Sources */ = {isa = PBXBuildFile; fileRef = F3A96D0A22E58900001B4D56 /* Storyboarded.swift */; };
		F3A96D2122E58900001B4D56 /* NavigationCoordinator.swift in Sources */ = {isa = PBXBuildFile; fileRef = F3A96D0C22E58900001B4D56 /* NavigationCoordinator.swift */; };
		F3A96D2222E58900001B4D56 /* Coordinator.swift in Sources */ = {isa = PBXBuildFile; fileRef = F3A96D0D22E58900001B4D56 /* Coordinator.swift */; };
		F3A96D2322E58900001B4D56 /* TableViewDataSource.swift in Sources */ = {isa = PBXBuildFile; fileRef = F3A96D0F22E58900001B4D56 /* TableViewDataSource.swift */; };
		F3A96D2722E58B9A001B4D56 /* AppCoordinator.swift in Sources */ = {isa = PBXBuildFile; fileRef = F3A96D2622E58B9A001B4D56 /* AppCoordinator.swift */; };
		F3A96D3122E59C31001B4D56 /* .swiftlint.yml in Resources */ = {isa = PBXBuildFile; fileRef = F3A96D3022E59C31001B4D56 /* .swiftlint.yml */; };
		F3A96D3322E59D38001B4D56 /* R.generated.swift in Sources */ = {isa = PBXBuildFile; fileRef = F3A96D3222E59D38001B4D56 /* R.generated.swift */; };
		F3A96D3822E59D8A001B4D56 /* LaunchScreen.storyboard in Resources */ = {isa = PBXBuildFile; fileRef = F3A96D3422E59D8A001B4D56 /* LaunchScreen.storyboard */; };
		F3A96D3922E59D8A001B4D56 /* SearchViewController.swift in Sources */ = {isa = PBXBuildFile; fileRef = F3A96D3622E59D8A001B4D56 /* SearchViewController.swift */; };
		F3A96D3A22E59D8A001B4D56 /* SearchCoordinator.swift in Sources */ = {isa = PBXBuildFile; fileRef = F3A96D3722E59D8A001B4D56 /* SearchCoordinator.swift */; };
		F3A96D3C22E59F24001B4D56 /* Search.storyboard in Resources */ = {isa = PBXBuildFile; fileRef = F3A96D3B22E59F24001B4D56 /* Search.storyboard */; };
		F3A96D4022E67CB9001B4D56 /* SearchResult.swift in Sources */ = {isa = PBXBuildFile; fileRef = F3A96D3F22E67CB9001B4D56 /* SearchResult.swift */; };
		F3A96D4322E67CF9001B4D56 /* SearchResultsList.swift in Sources */ = {isa = PBXBuildFile; fileRef = F3A96D4222E67CF9001B4D56 /* SearchResultsList.swift */; };
		F3A96D4622E68AEE001B4D56 /* Endpoint.swift in Sources */ = {isa = PBXBuildFile; fileRef = F3A96D4522E68AEE001B4D56 /* Endpoint.swift */; };
		F3A96D4B22E6D6DA001B4D56 /* UIView+AnimateVisibility.swift in Sources */ = {isa = PBXBuildFile; fileRef = F3A96D4A22E6D6DA001B4D56 /* UIView+AnimateVisibility.swift */; };
		F3A96D5A22E6E990001B4D56 /* SearchResultTableViewCell+ViewModel.swift in Sources */ = {isa = PBXBuildFile; fileRef = F3A96D5722E6E990001B4D56 /* SearchResultTableViewCell+ViewModel.swift */; };
		F3A96D5B22E6E990001B4D56 /* SearchResultTableViewCell.swift in Sources */ = {isa = PBXBuildFile; fileRef = F3A96D5822E6E990001B4D56 /* SearchResultTableViewCell.swift */; };
		F3A96D5C22E6E990001B4D56 /* SearchResultTableViewCell.xib in Resources */ = {isa = PBXBuildFile; fileRef = F3A96D5922E6E990001B4D56 /* SearchResultTableViewCell.xib */; };
		F3A96D5F22E6FA31001B4D56 /* Appearance.swift in Sources */ = {isa = PBXBuildFile; fileRef = F3A96D5E22E6FA31001B4D56 /* Appearance.swift */; };
/* End PBXBuildFile section */

/* Begin PBXFileReference section */
		B45097723E4D6747CC6DD615 /* Pods-StoreSearch.debug.xcconfig */ = {isa = PBXFileReference; includeInIndex = 1; lastKnownFileType = text.xcconfig; name = "Pods-StoreSearch.debug.xcconfig"; path = "Target Support Files/Pods-StoreSearch/Pods-StoreSearch.debug.xcconfig"; sourceTree = "<group>"; };
		EE0D738562075934E51444F5 /* Pods_StoreSearch.framework */ = {isa = PBXFileReference; explicitFileType = wrapper.framework; includeInIndex = 0; path = Pods_StoreSearch.framework; sourceTree = BUILT_PRODUCTS_DIR; };
		F30B40F922F0E1B90088FFDE /* Price.swift */ = {isa = PBXFileReference; lastKnownFileType = sourcecode.swift; name = Price.swift; path = "../../../../../../../../System/Volumes/Data/Users/briansipple/lxda/swift/book--ios-apprentice/StoreSearch/StoreSearch/Models/Price.swift"; sourceTree = "<group>"; };
		F3169BC222EE557900651401 /* SearchResultDetailsViewController+ViewModel.swift */ = {isa = PBXFileReference; lastKnownFileType = sourcecode.swift; name = "SearchResultDetailsViewController+ViewModel.swift"; path = "../../../../../../../../../../System/Volumes/Data/Users/briansipple/lxda/swift/book--ios-apprentice/StoreSearch/StoreSearch/Scenes/Search/Result Details/SearchResultDetailsViewController+ViewModel.swift"; sourceTree = "<group>"; };
		F3169BC422EE565F00651401 /* SearchResultDetailsViewController.swift */ = {isa = PBXFileReference; fileEncoding = 4; lastKnownFileType = sourcecode.swift; path = SearchResultDetailsViewController.swift; sourceTree = "<group>"; };
		F3169BD022EF93F900651401 /* ContentHeightProviding.swift */ = {isa = PBXFileReference; lastKnownFileType = sourcecode.swift; name = ContentHeightProviding.swift; path = "../../../../../../../../../System/Volumes/Data/Users/briansipple/lxda/swift/book--ios-apprentice/StoreSearch/StoreSearch/Reusables/Protocols/ContentHeightProviding.swift"; sourceTree = "<group>"; };
		F36C381D22E6FD4A00CC001C /* Colors.xcassets */ = {isa = PBXFileReference; lastKnownFileType = folder.assetcatalog; name = Colors.xcassets; path = "../../../../../../../../System/Volumes/Data/Users/briansipple/lxda/swift/book--ios-apprentice/StoreSearch/StoreSearch/Content/Colors.xcassets"; sourceTree = "<group>"; };
		F36C381F22E6FFCB00CC001C /* UIColor+Theme.swift */ = {isa = PBXFileReference; lastKnownFileType = sourcecode.swift; name = "UIColor+Theme.swift"; path = "../../../../../../../../../System/Volumes/Data/Users/briansipple/lxda/swift/book--ios-apprentice/StoreSearch/StoreSearch/Reusables/Extensions/UIColor+Theme.swift"; sourceTree = "<group>"; };
		F36C382122E70A0D00CC001C /* UIView+SelectedTableCellBackgroundView.swift */ = {isa = PBXFileReference; lastKnownFileType = sourcecode.swift; name = "UIView+SelectedTableCellBackgroundView.swift"; path = "../../../../../../../../../../System/Volumes/Data/Users/briansipple/lxda/swift/book--ios-apprentice/StoreSearch/StoreSearch/Reusables/Extensions/UIView/UIView+SelectedTableCellBackgroundView.swift"; sourceTree = "<group>"; };
		F36C382322E8180300CC001C /* ModelLoader.swift */ = {isa = PBXFileReference; lastKnownFileType = sourcecode.swift; name = ModelLoader.swift; path = "../../../../../../../../../System/Volumes/Data/Users/briansipple/lxda/swift/book--ios-apprentice/StoreSearch/StoreSearch/Reusables/Helpers/ModelLoader.swift"; sourceTree = "<group>"; };
		F36C382722E8190700CC001C /* URLSession+RequestTransport.swift */ = {isa = PBXFileReference; lastKnownFileType = sourcecode.swift; name = "URLSession+RequestTransport.swift"; path = "../../../../../../../../../System/Volumes/Data/Users/briansipple/lxda/swift/book--ios-apprentice/StoreSearch/StoreSearch/Reusables/Extensions/URLSession+RequestTransport.swift"; sourceTree = "<group>"; };
		F36C382922E84F1900CC001C /* SearchModelController.swift */ = {isa = PBXFileReference; lastKnownFileType = sourcecode.swift; name = SearchModelController.swift; path = "../../../../../../../../../System/Volumes/Data/Users/briansipple/lxda/swift/book--ios-apprentice/StoreSearch/StoreSearch/Scenes/Search/SearchModelController.swift"; sourceTree = "<group>"; };
		F36C382B22E879C500CC001C /* UIViewController+ShowNetworkingError.swift */ = {isa = PBXFileReference; lastKnownFileType = sourcecode.swift; name = "UIViewController+ShowNetworkingError.swift"; path = "../../../../../../../../../../System/Volumes/Data/Users/briansipple/lxda/swift/book--ios-apprentice/StoreSearch/StoreSearch/Reusables/Extensions/UIViewController/UIViewController+ShowNetworkingError.swift"; sourceTree = "<group>"; };
		F36C382D22E8810700CC001C /* URLQueryItem+InitWithName.swift */ = {isa = PBXFileReference; lastKnownFileType = sourcecode.swift; name = "URLQueryItem+InitWithName.swift"; path = "../../../../../../../../../System/Volumes/Data/Users/briansipple/lxda/swift/book--ios-apprentice/StoreSearch/StoreSearch/Reusables/Extensions/URLQueryItem+InitWithName.swift"; sourceTree = "<group>"; };
		F36C383022E9BECA00CC001C /* APIResultKind.swift */ = {isa = PBXFileReference; lastKnownFileType = sourcecode.swift; name = APIResultKind.swift; path = "../../../../../../../../../System/Volumes/Data/Users/briansipple/lxda/swift/book--ios-apprentice/StoreSearch/StoreSearch/Reusables/Constants/APIResultKind.swift"; sourceTree = "<group>"; };
		F36C383222E9CEE100CC001C /* SearchResults.swift */ = {isa = PBXFileReference; lastKnownFileType = sourcecode.swift; name = SearchResults.swift; path = "../../../../../../../../../System/Volumes/Data/Users/briansipple/lxda/swift/book--ios-apprentice/StoreSearch/StoreSearch/Models/Search/SearchResults.swift"; sourceTree = "<group>"; };
		F36C383822EB36AB00CC001C /* TaskToken.swift */ = {isa = PBXFileReference; lastKnownFileType = sourcecode.swift; name = TaskToken.swift; path = "../../../../../../../../../System/Volumes/Data/Users/briansipple/lxda/swift/book--ios-apprentice/StoreSearch/StoreSearch/Reusables/Protocols/TaskToken.swift"; sourceTree = "<group>"; };
		F36C383C22EB3BC400CC001C /* DataTaskToken.swift */ = {isa = PBXFileReference; fileEncoding = 4; lastKnownFileType = sourcecode.swift; path = DataTaskToken.swift; sourceTree = "<group>"; };
		F36C383E22EB663D00CC001C /* APIMediaType.swift */ = {isa = PBXFileReference; lastKnownFileType = sourcecode.swift; name = APIMediaType.swift; path = "../../../../../../../../../System/Volumes/Data/Users/briansipple/lxda/swift/book--ios-apprentice/StoreSearch/StoreSearch/Reusables/Constants/APIMediaType.swift"; sourceTree = "<group>"; };
		F36C384022EC5AEB00CC001C /* SearchViewModel.swift */ = {isa = PBXFileReference; lastKnownFileType = sourcecode.swift; name = SearchViewModel.swift; path = "../../../../../../../../../System/Volumes/Data/Users/briansipple/lxda/swift/book--ios-apprentice/StoreSearch/StoreSearch/Scenes/Search/SearchViewModel.swift"; sourceTree = "<group>"; };
		F36C384222EC840900CC001C /* DownloadTaskToken.swift */ = {isa = PBXFileReference; lastKnownFileType = sourcecode.swift; name = DownloadTaskToken.swift; path = "../../../../../../../../../../System/Volumes/Data/Users/briansipple/lxda/swift/book--ios-apprentice/StoreSearch/StoreSearch/Reusables/Networking/Task Token/DownloadTaskToken.swift"; sourceTree = "<group>"; };
		F36C384622ECB9CE00CC001C /* ImageDownloader.swift */ = {isa = PBXFileReference; lastKnownFileType = sourcecode.swift; name = ImageDownloader.swift; path = "../../../../../../../../../System/Volumes/Data/Users/briansipple/lxda/swift/book--ios-apprentice/StoreSearch/StoreSearch/Reusables/Protocols/ImageDownloader.swift"; sourceTree = "<group>"; };
		F36C384822ECBA8900CC001C /* ImageDownloaderFactory.swift */ = {isa = PBXFileReference; lastKnownFileType = sourcecode.swift; name = ImageDownloaderFactory.swift; path = "../../../../../../../../../System/Volumes/Data/Users/briansipple/lxda/swift/book--ios-apprentice/StoreSearch/StoreSearch/Reusables/Helpers/ImageDownloaderFactory.swift"; sourceTree = "<group>"; };
		F36C384B22ECBB4A00CC001C /* ImageLoaderFactory.swift */ = {isa = PBXFileReference; lastKnownFileType = sourcecode.swift; path = ImageLoaderFactory.swift; sourceTree = "<group>"; };
		F36C385322ECCB0E00CC001C /* RequestTransport.swift */ = {isa = PBXFileReference; fileEncoding = 4; lastKnownFileType = sourcecode.swift; path = RequestTransport.swift; sourceTree = "<group>"; };
		F36C385422ECCB0E00CC001C /* DownloadingTransport.swift */ = {isa = PBXFileReference; fileEncoding = 4; lastKnownFileType = sourcecode.swift; path = DownloadingTransport.swift; sourceTree = "<group>"; };
		F36C385722ECCBB200CC001C /* URLSession+DownloadTransport.swift */ = {isa = PBXFileReference; lastKnownFileType = sourcecode.swift; name = "URLSession+DownloadTransport.swift"; path = "../../../../../../../../../System/Volumes/Data/Users/briansipple/lxda/swift/book--ios-apprentice/StoreSearch/StoreSearch/Reusables/Extensions/URLSession+DownloadTransport.swift"; sourceTree = "<group>"; };
		F36C385922ECCEC300CC001C /* SessionImageDownloader.swift */ = {isa = PBXFileReference; fileEncoding = 4; lastKnownFileType = sourcecode.swift; path = SessionImageDownloader.swift; sourceTree = "<group>"; };
		F37B7B3522F14A07008CA975 /* DimmedGradientView.swift */ = {isa = PBXFileReference; lastKnownFileType = sourcecode.swift; name = DimmedGradientView.swift; path = "../../../../../../../../../System/Volumes/Data/Users/briansipple/lxda/swift/book--ios-apprentice/StoreSearch/StoreSearch/Reusables/Views/DimmedGradientView.swift"; sourceTree = "<group>"; };
		F37B7B3822F167EC008CA975 /* BouncePresentationAnimator.swift */ = {isa = PBXFileReference; lastKnownFileType = sourcecode.swift; name = BouncePresentationAnimator.swift; path = "../../../../../../../../../../System/Volumes/Data/Users/briansipple/lxda/swift/book--ios-apprentice/StoreSearch/StoreSearch/Reusables/Views/Presentation Animators/BouncePresentationAnimator.swift"; sourceTree = "<group>"; };
		F37B7B3A22F17027008CA975 /* FadeOutPresentationAnimator.swift */ = {isa = PBXFileReference; lastKnownFileType = sourcecode.swift; name = FadeOutPresentationAnimator.swift; path = "../../../../../../../../../../System/Volumes/Data/Users/briansipple/lxda/swift/book--ios-apprentice/StoreSearch/StoreSearch/Reusables/Views/Presentation Animators/FadeOutPresentationAnimator.swift"; sourceTree = "<group>"; };
		F37B7B3D22F2544F008CA975 /* ModalPresentationNavController.swift */ = {isa = PBXFileReference; fileEncoding = 4; lastKnownFileType = sourcecode.swift; path = ModalPresentationNavController.swift; sourceTree = "<group>"; };
		F37B7B3E22F2544F008CA975 /* DimmedModalPresentationController.swift */ = {isa = PBXFileReference; fileEncoding = 4; lastKnownFileType = sourcecode.swift; path = DimmedModalPresentationController.swift; sourceTree = "<group>"; };
		F37B7B3F22F2544F008CA975 /* DimmedModalViewController.swift */ = {isa = PBXFileReference; fileEncoding = 4; lastKnownFileType = sourcecode.swift; path = DimmedModalViewController.swift; sourceTree = "<group>"; };
		F37B7B4022F2544F008CA975 /* DimmedModalPresentationManager.swift */ = {isa = PBXFileReference; fileEncoding = 4; lastKnownFileType = sourcecode.swift; path = DimmedModalPresentationManager.swift; sourceTree = "<group>"; };
		F3934BEB22ECDD95009D7BA1 /* TransportError.swift */ = {isa = PBXFileReference; lastKnownFileType = sourcecode.swift; name = TransportError.swift; path = "../../../../../../../../../System/Volumes/Data/Users/briansipple/lxda/swift/book--ios-apprentice/StoreSearch/StoreSearch/Reusables/Constants/TransportError.swift"; sourceTree = "<group>"; };
		F3A96CDD22E58305001B4D56 /* StoreSearch.app */ = {isa = PBXFileReference; explicitFileType = wrapper.application; includeInIndex = 0; path = StoreSearch.app; sourceTree = BUILT_PRODUCTS_DIR; };
		F3A96CE022E58305001B4D56 /* AppDelegate.swift */ = {isa = PBXFileReference; lastKnownFileType = sourcecode.swift; path = AppDelegate.swift; sourceTree = "<group>"; };
		F3A96CE222E58305001B4D56 /* SceneDelegate.swift */ = {isa = PBXFileReference; lastKnownFileType = sourcecode.swift; path = SceneDelegate.swift; sourceTree = "<group>"; };
		F3A96CE922E58307001B4D56 /* Assets.xcassets */ = {isa = PBXFileReference; lastKnownFileType = folder.assetcatalog; path = Assets.xcassets; sourceTree = "<group>"; };
		F3A96CEE22E58307001B4D56 /* Info.plist */ = {isa = PBXFileReference; lastKnownFileType = text.plist.xml; path = Info.plist; sourceTree = "<group>"; };
		F3A96CFA22E58900001B4D56 /* UIImage+ResizedWithBounds.swift */ = {isa = PBXFileReference; fileEncoding = 4; lastKnownFileType = sourcecode.swift; path = "UIImage+ResizedWithBounds.swift"; sourceTree = "<group>"; };
		F3A96CFB22E58900001B4D56 /* URL+WithQueryParams.swift */ = {isa = PBXFileReference; fileEncoding = 4; lastKnownFileType = sourcecode.swift; path = "URL+WithQueryParams.swift"; sourceTree = "<group>"; };
		F3A96D0022E58900001B4D56 /* UIViewController+DisplayPromptMessage.swift */ = {isa = PBXFileReference; fileEncoding = 4; lastKnownFileType = sourcecode.swift; path = "UIViewController+DisplayPromptMessage.swift"; sourceTree = "<group>"; };
		F3A96D0122E58900001B4D56 /* UIViewController+Computeds.swift */ = {isa = PBXFileReference; fileEncoding = 4; lastKnownFileType = sourcecode.swift; path = "UIViewController+Computeds.swift"; sourceTree = "<group>"; };
		F3A96D0222E58900001B4D56 /* UIViewController+AddAndRemoveChild.swift */ = {isa = PBXFileReference; fileEncoding = 4; lastKnownFileType = sourcecode.swift; path = "UIViewController+AddAndRemoveChild.swift"; sourceTree = "<group>"; };
		F3A96D0422E58900001B4D56 /* UIViewController+DisplayAlertMessage.swift */ = {isa = PBXFileReference; fileEncoding = 4; lastKnownFileType = sourcecode.swift; path = "UIViewController+DisplayAlertMessage.swift"; sourceTree = "<group>"; };
		F3A96D0522E58900001B4D56 /* FileManager+UserDocumentsDirectory.swift */ = {isa = PBXFileReference; fileEncoding = 4; lastKnownFileType = sourcecode.swift; path = "FileManager+UserDocumentsDirectory.swift"; sourceTree = "<group>"; };
		F3A96D0922E58900001B4D56 /* NavigationControlling.swift */ = {isa = PBXFileReference; fileEncoding = 4; lastKnownFileType = sourcecode.swift; path = NavigationControlling.swift; sourceTree = "<group>"; };
		F3A96D0A22E58900001B4D56 /* Storyboarded.swift */ = {isa = PBXFileReference; fileEncoding = 4; lastKnownFileType = sourcecode.swift; path = Storyboarded.swift; sourceTree = "<group>"; };
		F3A96D0C22E58900001B4D56 /* NavigationCoordinator.swift */ = {isa = PBXFileReference; fileEncoding = 4; lastKnownFileType = sourcecode.swift; path = NavigationCoordinator.swift; sourceTree = "<group>"; };
		F3A96D0D22E58900001B4D56 /* Coordinator.swift */ = {isa = PBXFileReference; fileEncoding = 4; lastKnownFileType = sourcecode.swift; path = Coordinator.swift; sourceTree = "<group>"; };
		F3A96D0F22E58900001B4D56 /* TableViewDataSource.swift */ = {isa = PBXFileReference; fileEncoding = 4; lastKnownFileType = sourcecode.swift; path = TableViewDataSource.swift; sourceTree = "<group>"; };
		F3A96D2622E58B9A001B4D56 /* AppCoordinator.swift */ = {isa = PBXFileReference; lastKnownFileType = sourcecode.swift; path = AppCoordinator.swift; sourceTree = "<group>"; };
		F3A96D3022E59C31001B4D56 /* .swiftlint.yml */ = {isa = PBXFileReference; fileEncoding = 4; lastKnownFileType = text; path = .swiftlint.yml; sourceTree = "<group>"; };
		F3A96D3222E59D38001B4D56 /* R.generated.swift */ = {isa = PBXFileReference; fileEncoding = 4; lastKnownFileType = sourcecode.swift; path = R.generated.swift; sourceTree = "<group>"; };
		F3A96D3422E59D8A001B4D56 /* LaunchScreen.storyboard */ = {isa = PBXFileReference; fileEncoding = 4; lastKnownFileType = file.storyboard; name = LaunchScreen.storyboard; path = "../../../../../../../../../../../Users/briansipple/lxda/swift/book--ios-apprentice/StoreSearch/StoreSearch/Scenes/LaunchScreen.storyboard"; sourceTree = "<group>"; };
		F3A96D3622E59D8A001B4D56 /* SearchViewController.swift */ = {isa = PBXFileReference; fileEncoding = 4; lastKnownFileType = sourcecode.swift; path = SearchViewController.swift; sourceTree = "<group>"; };
		F3A96D3722E59D8A001B4D56 /* SearchCoordinator.swift */ = {isa = PBXFileReference; fileEncoding = 4; lastKnownFileType = sourcecode.swift; path = SearchCoordinator.swift; sourceTree = "<group>"; };
		F3A96D3B22E59F24001B4D56 /* Search.storyboard */ = {isa = PBXFileReference; lastKnownFileType = file.storyboard; name = Search.storyboard; path = StoreSearch/Scenes/Search/Search.storyboard; sourceTree = SOURCE_ROOT; };
		F3A96D3F22E67CB9001B4D56 /* SearchResult.swift */ = {isa = PBXFileReference; lastKnownFileType = sourcecode.swift; path = SearchResult.swift; sourceTree = "<group>"; };
		F3A96D4222E67CF9001B4D56 /* SearchResultsList.swift */ = {isa = PBXFileReference; lastKnownFileType = sourcecode.swift; path = SearchResultsList.swift; sourceTree = "<group>"; };
		F3A96D4522E68AEE001B4D56 /* Endpoint.swift */ = {isa = PBXFileReference; lastKnownFileType = sourcecode.swift; path = Endpoint.swift; sourceTree = "<group>"; };
		F3A96D4A22E6D6DA001B4D56 /* UIView+AnimateVisibility.swift */ = {isa = PBXFileReference; fileEncoding = 4; lastKnownFileType = sourcecode.swift; path = "UIView+AnimateVisibility.swift"; sourceTree = "<group>"; };
		F3A96D5722E6E990001B4D56 /* SearchResultTableViewCell+ViewModel.swift */ = {isa = PBXFileReference; fileEncoding = 4; lastKnownFileType = sourcecode.swift; path = "SearchResultTableViewCell+ViewModel.swift"; sourceTree = "<group>"; };
		F3A96D5822E6E990001B4D56 /* SearchResultTableViewCell.swift */ = {isa = PBXFileReference; fileEncoding = 4; lastKnownFileType = sourcecode.swift; path = SearchResultTableViewCell.swift; sourceTree = "<group>"; };
		F3A96D5922E6E990001B4D56 /* SearchResultTableViewCell.xib */ = {isa = PBXFileReference; fileEncoding = 4; lastKnownFileType = file.xib; path = SearchResultTableViewCell.xib; sourceTree = "<group>"; };
		F3A96D5E22E6FA31001B4D56 /* Appearance.swift */ = {isa = PBXFileReference; lastKnownFileType = sourcecode.swift; name = Appearance.swift; path = "../../../../../../../../../System/Volumes/Data/Users/briansipple/lxda/swift/book--ios-apprentice/StoreSearch/StoreSearch/Reusables/Helpers/Appearance.swift"; sourceTree = "<group>"; };
		FB10CE426DD0FAD3BE4379AE /* Pods-StoreSearch.release.xcconfig */ = {isa = PBXFileReference; includeInIndex = 1; lastKnownFileType = text.xcconfig; name = "Pods-StoreSearch.release.xcconfig"; path = "Target Support Files/Pods-StoreSearch/Pods-StoreSearch.release.xcconfig"; sourceTree = "<group>"; };
/* End PBXFileReference section */

/* Begin PBXFrameworksBuildPhase section */
		F3A96CDA22E58305001B4D56 /* Frameworks */ = {
			isa = PBXFrameworksBuildPhase;
			buildActionMask = 2147483647;
			files = (
				55A1FF49BE78D5286320C702 /* Pods_StoreSearch.framework in Frameworks */,
			);
			runOnlyForDeploymentPostprocessing = 0;
		};
/* End PBXFrameworksBuildPhase section */

/* Begin PBXGroup section */
		158ABB34F23A40D8E5D39AE2 /* Frameworks */ = {
			isa = PBXGroup;
			children = (
				EE0D738562075934E51444F5 /* Pods_StoreSearch.framework */,
			);
			name = Frameworks;
			sourceTree = "<group>";
		};
		41D4475CD678B20CBCD3AD0B /* Pods */ = {
			isa = PBXGroup;
			children = (
				B45097723E4D6747CC6DD615 /* Pods-StoreSearch.debug.xcconfig */,
				FB10CE426DD0FAD3BE4379AE /* Pods-StoreSearch.release.xcconfig */,
			);
			path = Pods;
			sourceTree = "<group>";
		};
		F3169BC022EE553A00651401 /* Result Details */ = {
			isa = PBXGroup;
			children = (
				F3169BC422EE565F00651401 /* SearchResultDetailsViewController.swift */,
				F3169BC222EE557900651401 /* SearchResultDetailsViewController+ViewModel.swift */,
			);
			path = "Result Details";
			sourceTree = "<group>";
		};
		F3169BC622EE7BF600651401 /* Views */ = {
			isa = PBXGroup;
			children = (
				F37B7B3C22F241E7008CA975 /* Presentation Controllers */,
				F37B7B3722F167CA008CA975 /* Presentation Animators */,
				F37B7B3522F14A07008CA975 /* DimmedGradientView.swift */,
			);
			path = Views;
			sourceTree = "<group>";
		};
		F3169BC722EE7C0100651401 /* Dimmed Modal */ = {
			isa = PBXGroup;
			children = (
				F37B7B3E22F2544F008CA975 /* DimmedModalPresentationController.swift */,
				F37B7B4022F2544F008CA975 /* DimmedModalPresentationManager.swift */,
				F37B7B3F22F2544F008CA975 /* DimmedModalViewController.swift */,
				F37B7B3D22F2544F008CA975 /* ModalPresentationNavController.swift */,
			);
			path = "Dimmed Modal";
			sourceTree = "<group>";
		};
		F36C382F22E9BEB500CC001C /* Constants */ = {
			isa = PBXGroup;
			children = (
				F36C383022E9BECA00CC001C /* APIResultKind.swift */,
				F36C383E22EB663D00CC001C /* APIMediaType.swift */,
				F3934BEB22ECDD95009D7BA1 /* TransportError.swift */,
			);
			path = Constants;
			sourceTree = "<group>";
		};
		F36C383622EB366000CC001C /* Task Token */ = {
			isa = PBXGroup;
			children = (
				F36C383C22EB3BC400CC001C /* DataTaskToken.swift */,
				F36C384222EC840900CC001C /* DownloadTaskToken.swift */,
			);
			path = "Task Token";
			sourceTree = "<group>";
		};
		F36C384A22ECBB3C00CC001C /* Image Loading */ = {
			isa = PBXGroup;
			children = (
				F36C384B22ECBB4A00CC001C /* ImageLoaderFactory.swift */,
				F36C385922ECCEC300CC001C /* SessionImageDownloader.swift */,
			);
			path = "Image Loading";
			sourceTree = "<group>";
		};
		F36C385022ECCA9100CC001C /* Transport */ = {
			isa = PBXGroup;
			children = (
				F36C385422ECCB0E00CC001C /* DownloadingTransport.swift */,
				F36C385322ECCB0E00CC001C /* RequestTransport.swift */,
			);
			path = Transport;
			sourceTree = "<group>";
		};
		F37B7B3722F167CA008CA975 /* Presentation Animators */ = {
			isa = PBXGroup;
			children = (
				F37B7B3822F167EC008CA975 /* BouncePresentationAnimator.swift */,
				F37B7B3A22F17027008CA975 /* FadeOutPresentationAnimator.swift */,
			);
			path = "Presentation Animators";
			sourceTree = "<group>";
		};
		F37B7B3C22F241E7008CA975 /* Presentation Controllers */ = {
			isa = PBXGroup;
			children = (
				F3169BC722EE7C0100651401 /* Dimmed Modal */,
			);
			path = "Presentation Controllers";
			sourceTree = "<group>";
		};
		F3A96CD422E58305001B4D56 = {
			isa = PBXGroup;
			children = (
				F3A96D3222E59D38001B4D56 /* R.generated.swift */,
				F3A96D3022E59C31001B4D56 /* .swiftlint.yml */,
				158ABB34F23A40D8E5D39AE2 /* Frameworks */,
				41D4475CD678B20CBCD3AD0B /* Pods */,
				F3A96CDE22E58305001B4D56 /* Products */,
				F3A96CDF22E58305001B4D56 /* StoreSearch */,
			);
			sourceTree = "<group>";
		};
		F3A96CDE22E58305001B4D56 /* Products */ = {
			isa = PBXGroup;
			children = (
				F3A96CDD22E58305001B4D56 /* StoreSearch.app */,
			);
			name = Products;
			sourceTree = "<group>";
		};
		F3A96CDF22E58305001B4D56 /* StoreSearch */ = {
			isa = PBXGroup;
			children = (
				F3A96CEE22E58307001B4D56 /* Info.plist */,
				F3A96D2622E58B9A001B4D56 /* AppCoordinator.swift */,
				F3A96CE022E58305001B4D56 /* AppDelegate.swift */,
				F3A96CE222E58305001B4D56 /* SceneDelegate.swift */,
				F3A96D2822E58C5B001B4D56 /* Content */,
				F3A96D3D22E67C97001B4D56 /* Models */,
				F3A96CF722E58829001B4D56 /* Reusables */,
				F3A96CF522E5881C001B4D56 /* Scenes */,
			);
			path = StoreSearch;
			sourceTree = "<group>";
		};
		F3A96CF522E5881C001B4D56 /* Scenes */ = {
			isa = PBXGroup;
			children = (
				F3A96D3422E59D8A001B4D56 /* LaunchScreen.storyboard */,
				F3A96D3522E59D8A001B4D56 /* Search */,
			);
			path = Scenes;
			sourceTree = "<group>";
		};
		F3A96CF722E58829001B4D56 /* Reusables */ = {
			isa = PBXGroup;
			children = (
				F3169BC622EE7BF600651401 /* Views */,
				F36C382F22E9BEB500CC001C /* Constants */,
				F3A96D5D22E6FA23001B4D56 /* Helpers */,
				F3A96D4422E68AD5001B4D56 /* Networking */,
				F3A96CF822E58900001B4D56 /* Extensions */,
				F3A96D0822E58900001B4D56 /* Protocols */,
				F3A96D0E22E58900001B4D56 /* Table View Data Sources */,
			);
			path = Reusables;
			sourceTree = "<group>";
		};
		F3A96CF822E58900001B4D56 /* Extensions */ = {
			isa = PBXGroup;
			children = (
				F3A96D0522E58900001B4D56 /* FileManager+UserDocumentsDirectory.swift */,
				F3A96CFB22E58900001B4D56 /* URL+WithQueryParams.swift */,
				F3A96CF922E58900001B4D56 /* UIImage */,
				F3A96CFF22E58900001B4D56 /* UIViewController */,
				F3A96D4722E6AC59001B4D56 /* UIView */,
				F36C381F22E6FFCB00CC001C /* UIColor+Theme.swift */,
				F36C385722ECCBB200CC001C /* URLSession+DownloadTransport.swift */,
				F36C382722E8190700CC001C /* URLSession+RequestTransport.swift */,
				F36C382D22E8810700CC001C /* URLQueryItem+InitWithName.swift */,
			);
			name = Extensions;
			path = "../../../../../../../../../../../Users/briansipple/lxda/swift/book--ios-apprentice/StoreSearch/StoreSearch/Reusables/Extensions";
			sourceTree = "<group>";
		};
		F3A96CF922E58900001B4D56 /* UIImage */ = {
			isa = PBXGroup;
			children = (
				F3A96CFA22E58900001B4D56 /* UIImage+ResizedWithBounds.swift */,
			);
			path = UIImage;
			sourceTree = "<group>";
		};
		F3A96CFF22E58900001B4D56 /* UIViewController */ = {
			isa = PBXGroup;
			children = (
				F3A96D0222E58900001B4D56 /* UIViewController+AddAndRemoveChild.swift */,
				F3A96D0122E58900001B4D56 /* UIViewController+Computeds.swift */,
				F3A96D0422E58900001B4D56 /* UIViewController+DisplayAlertMessage.swift */,
				F3A96D0022E58900001B4D56 /* UIViewController+DisplayPromptMessage.swift */,
				F36C382B22E879C500CC001C /* UIViewController+ShowNetworkingError.swift */,
			);
			path = UIViewController;
			sourceTree = "<group>";
		};
		F3A96D0822E58900001B4D56 /* Protocols */ = {
			isa = PBXGroup;
			children = (
				F3A96D0D22E58900001B4D56 /* Coordinator.swift */,
				F36C384622ECB9CE00CC001C /* ImageDownloader.swift */,
				F3A96D0922E58900001B4D56 /* NavigationControlling.swift */,
				F3A96D0C22E58900001B4D56 /* NavigationCoordinator.swift */,
				F3A96D0A22E58900001B4D56 /* Storyboarded.swift */,
				F36C383822EB36AB00CC001C /* TaskToken.swift */,
				F36C385022ECCA9100CC001C /* Transport */,
				F3169BD022EF93F900651401 /* ContentHeightProviding.swift */,
			);
			name = Protocols;
			path = "../../../../../../../../../../../Users/briansipple/lxda/swift/book--ios-apprentice/StoreSearch/StoreSearch/Reusables/Protocols";
			sourceTree = "<group>";
		};
		F3A96D0E22E58900001B4D56 /* Table View Data Sources */ = {
			isa = PBXGroup;
			children = (
				F3A96D0F22E58900001B4D56 /* TableViewDataSource.swift */,
			);
			name = "Table View Data Sources";
			path = "../../../../../../../../../../../Users/briansipple/lxda/swift/book--ios-apprentice/StoreSearch/StoreSearch/Reusables/Table View Data Sources";
			sourceTree = "<group>";
		};
		F3A96D2822E58C5B001B4D56 /* Content */ = {
			isa = PBXGroup;
			children = (
				F3A96CE922E58307001B4D56 /* Assets.xcassets */,
				F36C381D22E6FD4A00CC001C /* Colors.xcassets */,
			);
			path = Content;
			sourceTree = "<group>";
		};
		F3A96D3522E59D8A001B4D56 /* Search */ = {
			isa = PBXGroup;
			children = (
				F3169BC022EE553A00651401 /* Result Details */,
				F3A96D4C22E6DC72001B4D56 /* Results Table Cell */,
				F3A96D3622E59D8A001B4D56 /* SearchViewController.swift */,
				F36C382922E84F1900CC001C /* SearchModelController.swift */,
				F3A96D3722E59D8A001B4D56 /* SearchCoordinator.swift */,
				F3A96D3B22E59F24001B4D56 /* Search.storyboard */,
				F36C384022EC5AEB00CC001C /* SearchViewModel.swift */,
			);
			name = Search;
			path = "../../../../../../../../../../../Users/briansipple/lxda/swift/book--ios-apprentice/StoreSearch/StoreSearch/Scenes/Search";
			sourceTree = "<group>";
		};
		F3A96D3D22E67C97001B4D56 /* Models */ = {
			isa = PBXGroup;
			children = (
				F3A96D3E22E67CA3001B4D56 /* Search */,
				F30B40F922F0E1B90088FFDE /* Price.swift */,
			);
			path = Models;
			sourceTree = "<group>";
		};
		F3A96D3E22E67CA3001B4D56 /* Search */ = {
			isa = PBXGroup;
			children = (
				F3A96D3F22E67CB9001B4D56 /* SearchResult.swift */,
				F3A96D4222E67CF9001B4D56 /* SearchResultsList.swift */,
				F36C383222E9CEE100CC001C /* SearchResults.swift */,
			);
			path = Search;
			sourceTree = "<group>";
		};
		F3A96D4422E68AD5001B4D56 /* Networking */ = {
			isa = PBXGroup;
			children = (
				F3A96D4522E68AEE001B4D56 /* Endpoint.swift */,
				F36C383622EB366000CC001C /* Task Token */,
			);
			path = Networking;
			sourceTree = "<group>";
		};
		F3A96D4722E6AC59001B4D56 /* UIView */ = {
			isa = PBXGroup;
			children = (
				F3A96D4A22E6D6DA001B4D56 /* UIView+AnimateVisibility.swift */,
				F36C382122E70A0D00CC001C /* UIView+SelectedTableCellBackgroundView.swift */,
			);
			path = UIView;
			sourceTree = "<group>";
		};
		F3A96D4C22E6DC72001B4D56 /* Results Table Cell */ = {
			isa = PBXGroup;
			children = (
				F3A96D5822E6E990001B4D56 /* SearchResultTableViewCell.swift */,
				F3A96D5922E6E990001B4D56 /* SearchResultTableViewCell.xib */,
				F3A96D5722E6E990001B4D56 /* SearchResultTableViewCell+ViewModel.swift */,
			);
			path = "Results Table Cell";
			sourceTree = "<group>";
		};
		F3A96D5D22E6FA23001B4D56 /* Helpers */ = {
			isa = PBXGroup;
			children = (
				F3A96D5E22E6FA31001B4D56 /* Appearance.swift */,
				F36C384822ECBA8900CC001C /* ImageDownloaderFactory.swift */,
				F36C382322E8180300CC001C /* ModelLoader.swift */,
				F36C384A22ECBB3C00CC001C /* Image Loading */,
			);
			path = Helpers;
			sourceTree = "<group>";
		};
/* End PBXGroup section */

/* Begin PBXNativeTarget section */
		F3A96CDC22E58305001B4D56 /* StoreSearch */ = {
			isa = PBXNativeTarget;
			buildConfigurationList = F3A96CF122E58307001B4D56 /* Build configuration list for PBXNativeTarget "StoreSearch" */;
			buildPhases = (
				87589C75133E9D0D147CCBFA /* [CP] Check Pods Manifest.lock */,
				F3A96D2F22E59BA8001B4D56 /* ShellScript */,
				F3A96CD922E58305001B4D56 /* Sources */,
				F3A96CDA22E58305001B4D56 /* Frameworks */,
				F3A96CDB22E58305001B4D56 /* Resources */,
				BF6F53CF3DEA3FA33D5AE1FC /* [CP] Embed Pods Frameworks */,
				F3A96D2E22E59B61001B4D56 /* ShellScript */,
			);
			buildRules = (
			);
			dependencies = (
			);
			name = StoreSearch;
			productName = StoreSearch;
			productReference = F3A96CDD22E58305001B4D56 /* StoreSearch.app */;
			productType = "com.apple.product-type.application";
		};
/* End PBXNativeTarget section */

/* Begin PBXProject section */
		F3A96CD522E58305001B4D56 /* Project object */ = {
			isa = PBXProject;
			attributes = {
				LastSwiftUpdateCheck = 1100;
				LastUpgradeCheck = 1100;
				ORGANIZATIONNAME = CypherPoet;
				TargetAttributes = {
					F3A96CDC22E58305001B4D56 = {
						CreatedOnToolsVersion = 11.0;
					};
				};
			};
			buildConfigurationList = F3A96CD822E58305001B4D56 /* Build configuration list for PBXProject "StoreSearch" */;
			compatibilityVersion = "Xcode 9.3";
			developmentRegion = en;
			hasScannedForEncodings = 0;
			knownRegions = (
				en,
				Base,
			);
			mainGroup = F3A96CD422E58305001B4D56;
			productRefGroup = F3A96CDE22E58305001B4D56 /* Products */;
			projectDirPath = "";
			projectRoot = "";
			targets = (
				F3A96CDC22E58305001B4D56 /* StoreSearch */,
			);
		};
/* End PBXProject section */

/* Begin PBXResourcesBuildPhase section */
		F3A96CDB22E58305001B4D56 /* Resources */ = {
			isa = PBXResourcesBuildPhase;
			buildActionMask = 2147483647;
			files = (
				F3A96D3822E59D8A001B4D56 /* LaunchScreen.storyboard in Resources */,
				F3A96D5C22E6E990001B4D56 /* SearchResultTableViewCell.xib in Resources */,
				F3A96D3122E59C31001B4D56 /* .swiftlint.yml in Resources */,
				F36C381E22E6FD4A00CC001C /* Colors.xcassets in Resources */,
				F3A96D3C22E59F24001B4D56 /* Search.storyboard in Resources */,
				F3A96CEA22E58307001B4D56 /* Assets.xcassets in Resources */,
			);
			runOnlyForDeploymentPostprocessing = 0;
		};
/* End PBXResourcesBuildPhase section */

/* Begin PBXShellScriptBuildPhase section */
		87589C75133E9D0D147CCBFA /* [CP] Check Pods Manifest.lock */ = {
			isa = PBXShellScriptBuildPhase;
			buildActionMask = 2147483647;
			files = (
			);
			inputFileListPaths = (
			);
			inputPaths = (
				"${PODS_PODFILE_DIR_PATH}/Podfile.lock",
				"${PODS_ROOT}/Manifest.lock",
			);
			name = "[CP] Check Pods Manifest.lock";
			outputFileListPaths = (
			);
			outputPaths = (
				"$(DERIVED_FILE_DIR)/Pods-StoreSearch-checkManifestLockResult.txt",
			);
			runOnlyForDeploymentPostprocessing = 0;
			shellPath = /bin/sh;
			shellScript = "diff \"${PODS_PODFILE_DIR_PATH}/Podfile.lock\" \"${PODS_ROOT}/Manifest.lock\" > /dev/null\nif [ $? != 0 ] ; then\n    # print error to STDERR\n    echo \"error: The sandbox is not in sync with the Podfile.lock. Run 'pod install' or update your CocoaPods installation.\" >&2\n    exit 1\nfi\n# This output is used by Xcode 'outputs' to avoid re-running this script phase.\necho \"SUCCESS\" > \"${SCRIPT_OUTPUT_FILE_0}\"\n";
			showEnvVarsInLog = 0;
		};
		BF6F53CF3DEA3FA33D5AE1FC /* [CP] Embed Pods Frameworks */ = {
			isa = PBXShellScriptBuildPhase;
			buildActionMask = 2147483647;
			files = (
			);
			inputFileListPaths = (
				"${PODS_ROOT}/Target Support Files/Pods-StoreSearch/Pods-StoreSearch-frameworks-${CONFIGURATION}-input-files.xcfilelist",
			);
			name = "[CP] Embed Pods Frameworks";
			outputFileListPaths = (
				"${PODS_ROOT}/Target Support Files/Pods-StoreSearch/Pods-StoreSearch-frameworks-${CONFIGURATION}-output-files.xcfilelist",
			);
			runOnlyForDeploymentPostprocessing = 0;
			shellPath = /bin/sh;
			shellScript = "\"${PODS_ROOT}/Target Support Files/Pods-StoreSearch/Pods-StoreSearch-frameworks.sh\"\n";
			showEnvVarsInLog = 0;
		};
		F3A96D2E22E59B61001B4D56 /* ShellScript */ = {
			isa = PBXShellScriptBuildPhase;
			buildActionMask = 2147483647;
			files = (
			);
			inputFileListPaths = (
			);
			inputPaths = (
			);
			outputFileListPaths = (
			);
			outputPaths = (
			);
			runOnlyForDeploymentPostprocessing = 0;
			shellPath = /bin/sh;
			shellScript = "# Type a script or drag a script file from your workspace to insert its path.\n\"${PODS_ROOT}/SwiftLint/swiftlint\"\n";
		};
		F3A96D2F22E59BA8001B4D56 /* ShellScript */ = {
			isa = PBXShellScriptBuildPhase;
			buildActionMask = 2147483647;
			files = (
			);
			inputFileListPaths = (
			);
			inputPaths = (
				"$TEMP_DIR/rswift-lastrun",
			);
			outputFileListPaths = (
			);
			outputPaths = (
				$SRCROOT/R.generated.swift,
			);
			runOnlyForDeploymentPostprocessing = 0;
			shellPath = /bin/sh;
			shellScript = "# Type a script or drag a script file from your workspace to insert its path.\n\"$PODS_ROOT/R.swift/rswift\" generate \"$SRCROOT/R.generated.swift\"\n";
		};
/* End PBXShellScriptBuildPhase section */

/* Begin PBXSourcesBuildPhase section */
		F3A96CD922E58305001B4D56 /* Sources */ = {
			isa = PBXSourcesBuildPhase;
			buildActionMask = 2147483647;
			files = (
				F36C382C22E879C500CC001C /* UIViewController+ShowNetworkingError.swift in Sources */,
				F3A96D1E22E58900001B4D56 /* NavigationControlling.swift in Sources */,
				F3A96D2122E58900001B4D56 /* NavigationCoordinator.swift in Sources */,
				F3A96D5B22E6E990001B4D56 /* SearchResultTableViewCell.swift in Sources */,
				F3A96D4B22E6D6DA001B4D56 /* UIView+AnimateVisibility.swift in Sources */,
				F36C382A22E84F1900CC001C /* SearchModelController.swift in Sources */,
				F37B7B4322F2544F008CA975 /* DimmedModalViewController.swift in Sources */,
				F3A96D1B22E58900001B4D56 /* FileManager+UserDocumentsDirectory.swift in Sources */,
				F3A96D5F22E6FA31001B4D56 /* Appearance.swift in Sources */,
				F3A96D3922E59D8A001B4D56 /* SearchViewController.swift in Sources */,
				F3A96D5A22E6E990001B4D56 /* SearchResultTableViewCell+ViewModel.swift in Sources */,
				F3A96D3A22E59D8A001B4D56 /* SearchCoordinator.swift in Sources */,
				F3A96D1322E58900001B4D56 /* URL+WithQueryParams.swift in Sources */,
				F3A96D2722E58B9A001B4D56 /* AppCoordinator.swift in Sources */,
				F3A96D4622E68AEE001B4D56 /* Endpoint.swift in Sources */,
				F36C384722ECB9CF00CC001C /* ImageDownloader.swift in Sources */,
				F36C384322EC840900CC001C /* DownloadTaskToken.swift in Sources */,
				F37B7B4422F2544F008CA975 /* DimmedModalPresentationManager.swift in Sources */,
				F36C382E22E8810700CC001C /* URLQueryItem+InitWithName.swift in Sources */,
				F3A96D1A22E58900001B4D56 /* UIViewController+DisplayAlertMessage.swift in Sources */,
				F36C382222E70A0D00CC001C /* UIView+SelectedTableCellBackgroundView.swift in Sources */,
				F36C385522ECCB0E00CC001C /* RequestTransport.swift in Sources */,
				F3A96D1F22E58900001B4D56 /* Storyboarded.swift in Sources */,
				F36C385A22ECCEC300CC001C /* SessionImageDownloader.swift in Sources */,
				F36C384122EC5AEB00CC001C /* SearchViewModel.swift in Sources */,
				F3A96D4022E67CB9001B4D56 /* SearchResult.swift in Sources */,
				F36C383D22EB3BC400CC001C /* DataTaskToken.swift in Sources */,
				F36C382422E8180300CC001C /* ModelLoader.swift in Sources */,
				F3A96D4322E67CF9001B4D56 /* SearchResultsList.swift in Sources */,
				F37B7B4122F2544F008CA975 /* ModalPresentationNavController.swift in Sources */,
				F3A96D1622E58900001B4D56 /* UIViewController+DisplayPromptMessage.swift in Sources */,
				F3169BC522EE565F00651401 /* SearchResultDetailsViewController.swift in Sources */,
				F36C382822E8190700CC001C /* URLSession+RequestTransport.swift in Sources */,
				F37B7B4222F2544F008CA975 /* DimmedModalPresentationController.swift in Sources */,
				F3934BEC22ECDD95009D7BA1 /* TransportError.swift in Sources */,
				F3A96D2322E58900001B4D56 /* TableViewDataSource.swift in Sources */,
				F37B7B3622F14A07008CA975 /* DimmedGradientView.swift in Sources */,
				F36C384922ECBA8900CC001C /* ImageDownloaderFactory.swift in Sources */,
				F3169BC322EE557900651401 /* SearchResultDetailsViewController+ViewModel.swift in Sources */,
				F3A96D2222E58900001B4D56 /* Coordinator.swift in Sources */,
				F36C382022E6FFCB00CC001C /* UIColor+Theme.swift in Sources */,
				F3A96D3322E59D38001B4D56 /* R.generated.swift in Sources */,
				F36C383922EB36AB00CC001C /* TaskToken.swift in Sources */,
				F30B40FA22F0E1B90088FFDE /* Price.swift in Sources */,
				F3A96D1822E58900001B4D56 /* UIViewController+AddAndRemoveChild.swift in Sources */,
				F37B7B3922F167EC008CA975 /* BouncePresentationAnimator.swift in Sources */,
				F37B7B3B22F17027008CA975 /* FadeOutPresentationAnimator.swift in Sources */,
				F3A96CE122E58305001B4D56 /* AppDelegate.swift in Sources */,
				F3169BD122EF93F900651401 /* ContentHeightProviding.swift in Sources */,
				F3A96D1722E58900001B4D56 /* UIViewController+Computeds.swift in Sources */,
				F3A96CE322E58305001B4D56 /* SceneDelegate.swift in Sources */,
				F36C383F22EB663D00CC001C /* APIMediaType.swift in Sources */,
				F36C385822ECCBB200CC001C /* URLSession+DownloadTransport.swift in Sources */,
				F36C383322E9CEE100CC001C /* SearchResults.swift in Sources */,
				F36C385622ECCB0E00CC001C /* DownloadingTransport.swift in Sources */,
				F3A96D1222E58900001B4D56 /* UIImage+ResizedWithBounds.swift in Sources */,
				F36C383122E9BECA00CC001C /* APIResultKind.swift in Sources */,
			);
			runOnlyForDeploymentPostprocessing = 0;
		};
/* End PBXSourcesBuildPhase section */

/* Begin XCBuildConfiguration section */
		F3A96CEF22E58307001B4D56 /* Debug */ = {
			isa = XCBuildConfiguration;
			buildSettings = {
				ALWAYS_SEARCH_USER_PATHS = NO;
				CLANG_ANALYZER_NONNULL = YES;
				CLANG_ANALYZER_NUMBER_OBJECT_CONVERSION = YES_AGGRESSIVE;
				CLANG_CXX_LANGUAGE_STANDARD = "gnu++14";
				CLANG_CXX_LIBRARY = "libc++";
				CLANG_ENABLE_MODULES = YES;
				CLANG_ENABLE_OBJC_ARC = YES;
				CLANG_ENABLE_OBJC_WEAK = YES;
				CLANG_WARN_BLOCK_CAPTURE_AUTORELEASING = YES;
				CLANG_WARN_BOOL_CONVERSION = YES;
				CLANG_WARN_COMMA = YES;
				CLANG_WARN_CONSTANT_CONVERSION = YES;
				CLANG_WARN_DEPRECATED_OBJC_IMPLEMENTATIONS = YES;
				CLANG_WARN_DIRECT_OBJC_ISA_USAGE = YES_ERROR;
				CLANG_WARN_DOCUMENTATION_COMMENTS = YES;
				CLANG_WARN_EMPTY_BODY = YES;
				CLANG_WARN_ENUM_CONVERSION = YES;
				CLANG_WARN_INFINITE_RECURSION = YES;
				CLANG_WARN_INT_CONVERSION = YES;
				CLANG_WARN_NON_LITERAL_NULL_CONVERSION = YES;
				CLANG_WARN_OBJC_IMPLICIT_RETAIN_SELF = YES;
				CLANG_WARN_OBJC_LITERAL_CONVERSION = YES;
				CLANG_WARN_OBJC_ROOT_CLASS = YES_ERROR;
				CLANG_WARN_RANGE_LOOP_ANALYSIS = YES;
				CLANG_WARN_STRICT_PROTOTYPES = YES;
				CLANG_WARN_SUSPICIOUS_MOVE = YES;
				CLANG_WARN_UNGUARDED_AVAILABILITY = YES_AGGRESSIVE;
				CLANG_WARN_UNREACHABLE_CODE = YES;
				CLANG_WARN__DUPLICATE_METHOD_MATCH = YES;
				COPY_PHASE_STRIP = NO;
				DEBUG_INFORMATION_FORMAT = dwarf;
				ENABLE_STRICT_OBJC_MSGSEND = YES;
				ENABLE_TESTABILITY = YES;
				GCC_C_LANGUAGE_STANDARD = gnu11;
				GCC_DYNAMIC_NO_PIC = NO;
				GCC_NO_COMMON_BLOCKS = YES;
				GCC_OPTIMIZATION_LEVEL = 0;
				GCC_PREPROCESSOR_DEFINITIONS = (
					"DEBUG=1",
					"$(inherited)",
				);
				GCC_WARN_64_TO_32_BIT_CONVERSION = YES;
				GCC_WARN_ABOUT_RETURN_TYPE = YES_ERROR;
				GCC_WARN_UNDECLARED_SELECTOR = YES;
				GCC_WARN_UNINITIALIZED_AUTOS = YES_AGGRESSIVE;
				GCC_WARN_UNUSED_FUNCTION = YES;
				GCC_WARN_UNUSED_VARIABLE = YES;
				IPHONEOS_DEPLOYMENT_TARGET = 13.0;
				MTL_ENABLE_DEBUG_INFO = INCLUDE_SOURCE;
				MTL_FAST_MATH = YES;
				ONLY_ACTIVE_ARCH = YES;
				SDKROOT = iphoneos;
				SWIFT_ACTIVE_COMPILATION_CONDITIONS = DEBUG;
				SWIFT_OPTIMIZATION_LEVEL = "-Onone";
			};
			name = Debug;
		};
		F3A96CF022E58307001B4D56 /* Release */ = {
			isa = XCBuildConfiguration;
			buildSettings = {
				ALWAYS_SEARCH_USER_PATHS = NO;
				CLANG_ANALYZER_NONNULL = YES;
				CLANG_ANALYZER_NUMBER_OBJECT_CONVERSION = YES_AGGRESSIVE;
				CLANG_CXX_LANGUAGE_STANDARD = "gnu++14";
				CLANG_CXX_LIBRARY = "libc++";
				CLANG_ENABLE_MODULES = YES;
				CLANG_ENABLE_OBJC_ARC = YES;
				CLANG_ENABLE_OBJC_WEAK = YES;
				CLANG_WARN_BLOCK_CAPTURE_AUTORELEASING = YES;
				CLANG_WARN_BOOL_CONVERSION = YES;
				CLANG_WARN_COMMA = YES;
				CLANG_WARN_CONSTANT_CONVERSION = YES;
				CLANG_WARN_DEPRECATED_OBJC_IMPLEMENTATIONS = YES;
				CLANG_WARN_DIRECT_OBJC_ISA_USAGE = YES_ERROR;
				CLANG_WARN_DOCUMENTATION_COMMENTS = YES;
				CLANG_WARN_EMPTY_BODY = YES;
				CLANG_WARN_ENUM_CONVERSION = YES;
				CLANG_WARN_INFINITE_RECURSION = YES;
				CLANG_WARN_INT_CONVERSION = YES;
				CLANG_WARN_NON_LITERAL_NULL_CONVERSION = YES;
				CLANG_WARN_OBJC_IMPLICIT_RETAIN_SELF = YES;
				CLANG_WARN_OBJC_LITERAL_CONVERSION = YES;
				CLANG_WARN_OBJC_ROOT_CLASS = YES_ERROR;
				CLANG_WARN_RANGE_LOOP_ANALYSIS = YES;
				CLANG_WARN_STRICT_PROTOTYPES = YES;
				CLANG_WARN_SUSPICIOUS_MOVE = YES;
				CLANG_WARN_UNGUARDED_AVAILABILITY = YES_AGGRESSIVE;
				CLANG_WARN_UNREACHABLE_CODE = YES;
				CLANG_WARN__DUPLICATE_METHOD_MATCH = YES;
				COPY_PHASE_STRIP = NO;
				DEBUG_INFORMATION_FORMAT = "dwarf-with-dsym";
				ENABLE_NS_ASSERTIONS = NO;
				ENABLE_STRICT_OBJC_MSGSEND = YES;
				GCC_C_LANGUAGE_STANDARD = gnu11;
				GCC_NO_COMMON_BLOCKS = YES;
				GCC_WARN_64_TO_32_BIT_CONVERSION = YES;
				GCC_WARN_ABOUT_RETURN_TYPE = YES_ERROR;
				GCC_WARN_UNDECLARED_SELECTOR = YES;
				GCC_WARN_UNINITIALIZED_AUTOS = YES_AGGRESSIVE;
				GCC_WARN_UNUSED_FUNCTION = YES;
				GCC_WARN_UNUSED_VARIABLE = YES;
				IPHONEOS_DEPLOYMENT_TARGET = 13.0;
				MTL_ENABLE_DEBUG_INFO = NO;
				MTL_FAST_MATH = YES;
				SDKROOT = iphoneos;
				SWIFT_COMPILATION_MODE = wholemodule;
				SWIFT_OPTIMIZATION_LEVEL = "-O";
				VALIDATE_PRODUCT = YES;
			};
			name = Release;
		};
		F3A96CF222E58307001B4D56 /* Debug */ = {
			isa = XCBuildConfiguration;
			baseConfigurationReference = B45097723E4D6747CC6DD615 /* Pods-StoreSearch.debug.xcconfig */;
			buildSettings = {
				ASSETCATALOG_COMPILER_APPICON_NAME = AppIcon;
				CODE_SIGN_STYLE = Automatic;
				DEVELOPMENT_TEAM = QRXXH2RKAG;
				INFOPLIST_FILE = StoreSearch/Info.plist;
				LD_RUNPATH_SEARCH_PATHS = (
					"$(inherited)",
					"@executable_path/Frameworks",
				);
				PRODUCT_BUNDLE_IDENTIFIER = io.github.cypherpoet.StoreSearch;
				PRODUCT_NAME = "$(TARGET_NAME)";
				SWIFT_VERSION = 5.0;
				TARGETED_DEVICE_FAMILY = "1,2";
			};
			name = Debug;
		};
		F3A96CF322E58307001B4D56 /* Release */ = {
			isa = XCBuildConfiguration;
			baseConfigurationReference = FB10CE426DD0FAD3BE4379AE /* Pods-StoreSearch.release.xcconfig */;
			buildSettings = {
				ASSETCATALOG_COMPILER_APPICON_NAME = AppIcon;
				CODE_SIGN_STYLE = Automatic;
				DEVELOPMENT_TEAM = QRXXH2RKAG;
				INFOPLIST_FILE = StoreSearch/Info.plist;
				LD_RUNPATH_SEARCH_PATHS = (
					"$(inherited)",
					"@executable_path/Frameworks",
				);
				PRODUCT_BUNDLE_IDENTIFIER = io.github.cypherpoet.StoreSearch;
				PRODUCT_NAME = "$(TARGET_NAME)";
				SWIFT_VERSION = 5.0;
				TARGETED_DEVICE_FAMILY = "1,2";
			};
			name = Release;
		};
/* End XCBuildConfiguration section */

/* Begin XCConfigurationList section */
		F3A96CD822E58305001B4D56 /* Build configuration list for PBXProject "StoreSearch" */ = {
			isa = XCConfigurationList;
			buildConfigurations = (
				F3A96CEF22E58307001B4D56 /* Debug */,
				F3A96CF022E58307001B4D56 /* Release */,
			);
			defaultConfigurationIsVisible = 0;
			defaultConfigurationName = Release;
		};
		F3A96CF122E58307001B4D56 /* Build configuration list for PBXNativeTarget "StoreSearch" */ = {
			isa = XCConfigurationList;
			buildConfigurations = (
				F3A96CF222E58307001B4D56 /* Debug */,
				F3A96CF322E58307001B4D56 /* Release */,
			);
			defaultConfigurationIsVisible = 0;
			defaultConfigurationName = Release;
		};
/* End XCConfigurationList section */
	};
	rootObject = F3A96CD522E58305001B4D56 /* Project object */;
}
